
Microsoft Visual Studio Solution File, Format Version 12.00
# Visual Studio Version 17
VisualStudioVersion = 17.6.33815.320
MinimumVisualStudioVersion = 10.0.40219.1
Project("{FAE04EC0-301F-11D3-BF4B-00C04F79EFBC}") = "UserRegistrationLoginJWTToken", "UserRegistrationLoginJWTToken\UserRegistrationLoginJWTToken.csproj", "{322E5DC4-3EA0-4AC5-820D-BB3229C3246F}"
EndProject
Global
	GlobalSection(SolutionConfigurationPlatforms) = preSolution
		Debug|Any CPU = Debug|Any CPU
		Release|Any CPU = Release|Any CPU
	EndGlobalSection
	GlobalSection(ProjectConfigurationPlatforms) = postSolution
		{322E5DC4-3EA0-4AC5-820D-BB3229C3246F}.Debug|Any CPU.ActiveCfg = Debug|Any CPU
		{322E5DC4-3EA0-4AC5-820D-BB3229C3246F}.Debug|Any CPU.Build.0 = Debug|Any CPU
		{322E5DC4-3EA0-4AC5-820D-BB3229C3246F}.Release|Any CPU.ActiveCfg = Release|Any CPU
		{322E5DC4-3EA0-4AC5-820D-BB3229C3246F}.Release|Any CPU.Build.0 = Release|Any CPU
	EndGlobalSection
	GlobalSection(SolutionProperties) = preSolution
		HideSolutionNode = FALSE
	EndGlobalSection
	GlobalSection(ExtensibilityGlobals) = postSolution
		SolutionGuid = {69086531-C9AA-4655-909B-1CD4F7B1BC83}
	EndGlobalSection
EndGlobal
